
Microsoft Visual Studio Solution File, Format Version 12.00
# Visual Studio Version 16
VisualStudioVersion = 16.0.29411.108
MinimumVisualStudioVersion = 15.0.26124.0
Project("{9A19103F-16F7-4668-BE54-9A1E7A4F7556}") = "Api", "src\Api\Api.csproj", "{C48EA60B-77AA-4745-8908-13B970A8C50E}"
EndProject
Project("{FAE04EC0-301F-11D3-BF4B-00C04F79EFBC}") = "Application", "src\Application\Application.csproj", "{C57B118F-4C05-441B-8717-25EF6DF72334}"
EndProject
Global
	GlobalSection(SolutionConfigurationPlatforms) = preSolution
		Debug|Any CPU = Debug|Any CPU
		Debug|x64 = Debug|x64
		Debug|x86 = Debug|x86
		Release|Any CPU = Release|Any CPU
		Release|x64 = Release|x64
		Release|x86 = Release|x86
	EndGlobalSection
	GlobalSection(ProjectConfigurationPlatforms) = postSolution
		{C48EA60B-77AA-4745-8908-13B970A8C50E}.Debug|Any CPU.ActiveCfg = Debug|Any CPU
		{C48EA60B-77AA-4745-8908-13B970A8C50E}.Debug|Any CPU.Build.0 = Debug|Any CPU
		{C48EA60B-77AA-4745-8908-13B970A8C50E}.Debug|x64.ActiveCfg = Debug|Any CPU
		{C48EA60B-77AA-4745-8908-13B970A8C50E}.Debug|x64.Build.0 = Debug|Any CPU
		{C48EA60B-77AA-4745-8908-13B970A8C50E}.Debug|x86.ActiveCfg = Debug|Any CPU
		{C48EA60B-77AA-4745-8908-13B970A8C50E}.Debug|x86.Build.0 = Debug|Any CPU
		{C48EA60B-77AA-4745-8908-13B970A8C50E}.Release|Any CPU.ActiveCfg = Release|Any CPU
		{C48EA60B-77AA-4745-8908-13B970A8C50E}.Release|Any CPU.Build.0 = Release|Any CPU
		{C48EA60B-77AA-4745-8908-13B970A8C50E}.Release|x64.ActiveCfg = Release|Any CPU
		{C48EA60B-77AA-4745-8908-13B970A8C50E}.Release|x64.Build.0 = Release|Any CPU
		{C48EA60B-77AA-4745-8908-13B970A8C50E}.Release|x86.ActiveCfg = Release|Any CPU
		{C48EA60B-77AA-4745-8908-13B970A8C50E}.Release|x86.Build.0 = Release|Any CPU
		{C57B118F-4C05-441B-8717-25EF6DF72334}.Debug|Any CPU.ActiveCfg = Debug|Any CPU
		{C57B118F-4C05-441B-8717-25EF6DF72334}.Debug|Any CPU.Build.0 = Debug|Any CPU
		{C57B118F-4C05-441B-8717-25EF6DF72334}.Debug|x64.ActiveCfg = Debug|Any CPU
		{C57B118F-4C05-441B-8717-25EF6DF72334}.Debug|x64.Build.0 = Debug|Any CPU
		{C57B118F-4C05-441B-8717-25EF6DF72334}.Debug|x86.ActiveCfg = Debug|Any CPU
		{C57B118F-4C05-441B-8717-25EF6DF72334}.Debug|x86.Build.0 = Debug|Any CPU
		{C57B118F-4C05-441B-8717-25EF6DF72334}.Release|Any CPU.ActiveCfg = Release|Any CPU
		{C57B118F-4C05-441B-8717-25EF6DF72334}.Release|Any CPU.Build.0 = Release|Any CPU
		{C57B118F-4C05-441B-8717-25EF6DF72334}.Release|x64.ActiveCfg = Release|Any CPU
		{C57B118F-4C05-441B-8717-25EF6DF72334}.Release|x64.Build.0 = Release|Any CPU
		{C57B118F-4C05-441B-8717-25EF6DF72334}.Release|x86.ActiveCfg = Release|Any CPU
		{C57B118F-4C05-441B-8717-25EF6DF72334}.Release|x86.Build.0 = Release|Any CPU
	EndGlobalSection
	GlobalSection(SolutionProperties) = preSolution
		HideSolutionNode = FALSE
	EndGlobalSection
	GlobalSection(ExtensibilityGlobals) = postSolution
		SolutionGuid = {0EE37E1D-A1B6-4E34-B151-45CB3D502F5D}
	EndGlobalSection
EndGlobal
