
Microsoft Visual Studio Solution File, Format Version 12.00
# Visual Studio Version 17
VisualStudioVersion = 17.1.31903.286
MinimumVisualStudioVersion = 15.0.26124.0
Project("{9A19103F-16F7-4668-BE54-9A1E7A4F7556}") = "GrpcGateway", "src\GrpcGateway\GrpcGateway.csproj", "{494EDF97-249F-4AFC-92FB-0CDE64D84EC7}"
EndProject
Project("{9A19103F-16F7-4668-BE54-9A1E7A4F7556}") = "Utils.Grpc", "src\Utils.Grpc\src\Utils.Grpc\Utils.Grpc.csproj", "{4E2C33D8-278C-467A-8389-BBD4BCFC064C}"
EndProject
Project("{9A19103F-16F7-4668-BE54-9A1E7A4F7556}") = "Utils.Grpc.Tests", "src\Utils.Grpc\test\Utils.Grpc.Tests\Utils.Grpc.Tests.csproj", "{3ABE1BEB-8A7E-40FC-A190-11E09E882E3A}"
EndProject
Global
	GlobalSection(SolutionConfigurationPlatforms) = preSolution
		Debug|Any CPU = Debug|Any CPU
		Debug|x64 = Debug|x64
		Debug|x86 = Debug|x86
		Release|Any CPU = Release|Any CPU
		Release|x64 = Release|x64
		Release|x86 = Release|x86
	EndGlobalSection
	GlobalSection(ProjectConfigurationPlatforms) = postSolution
		{494EDF97-249F-4AFC-92FB-0CDE64D84EC7}.Debug|Any CPU.ActiveCfg = Debug|Any CPU
		{494EDF97-249F-4AFC-92FB-0CDE64D84EC7}.Debug|Any CPU.Build.0 = Debug|Any CPU
		{494EDF97-249F-4AFC-92FB-0CDE64D84EC7}.Debug|x64.ActiveCfg = Debug|Any CPU
		{494EDF97-249F-4AFC-92FB-0CDE64D84EC7}.Debug|x64.Build.0 = Debug|Any CPU
		{494EDF97-249F-4AFC-92FB-0CDE64D84EC7}.Debug|x86.ActiveCfg = Debug|Any CPU
		{494EDF97-249F-4AFC-92FB-0CDE64D84EC7}.Debug|x86.Build.0 = Debug|Any CPU
		{494EDF97-249F-4AFC-92FB-0CDE64D84EC7}.Release|Any CPU.ActiveCfg = Release|Any CPU
		{494EDF97-249F-4AFC-92FB-0CDE64D84EC7}.Release|Any CPU.Build.0 = Release|Any CPU
		{494EDF97-249F-4AFC-92FB-0CDE64D84EC7}.Release|x64.ActiveCfg = Release|Any CPU
		{494EDF97-249F-4AFC-92FB-0CDE64D84EC7}.Release|x64.Build.0 = Release|Any CPU
		{494EDF97-249F-4AFC-92FB-0CDE64D84EC7}.Release|x86.ActiveCfg = Release|Any CPU
		{494EDF97-249F-4AFC-92FB-0CDE64D84EC7}.Release|x86.Build.0 = Release|Any CPU
		{4E2C33D8-278C-467A-8389-BBD4BCFC064C}.Debug|Any CPU.ActiveCfg = Debug|Any CPU
		{4E2C33D8-278C-467A-8389-BBD4BCFC064C}.Debug|Any CPU.Build.0 = Debug|Any CPU
		{4E2C33D8-278C-467A-8389-BBD4BCFC064C}.Debug|x64.ActiveCfg = Debug|Any CPU
		{4E2C33D8-278C-467A-8389-BBD4BCFC064C}.Debug|x64.Build.0 = Debug|Any CPU
		{4E2C33D8-278C-467A-8389-BBD4BCFC064C}.Debug|x86.ActiveCfg = Debug|Any CPU
		{4E2C33D8-278C-467A-8389-BBD4BCFC064C}.Debug|x86.Build.0 = Debug|Any CPU
		{4E2C33D8-278C-467A-8389-BBD4BCFC064C}.Release|Any CPU.ActiveCfg = Release|Any CPU
		{4E2C33D8-278C-467A-8389-BBD4BCFC064C}.Release|Any CPU.Build.0 = Release|Any CPU
		{4E2C33D8-278C-467A-8389-BBD4BCFC064C}.Release|x64.ActiveCfg = Release|Any CPU
		{4E2C33D8-278C-467A-8389-BBD4BCFC064C}.Release|x64.Build.0 = Release|Any CPU
		{4E2C33D8-278C-467A-8389-BBD4BCFC064C}.Release|x86.ActiveCfg = Release|Any CPU
		{4E2C33D8-278C-467A-8389-BBD4BCFC064C}.Release|x86.Build.0 = Release|Any CPU
		{3ABE1BEB-8A7E-40FC-A190-11E09E882E3A}.Debug|Any CPU.ActiveCfg = Debug|Any CPU
		{3ABE1BEB-8A7E-40FC-A190-11E09E882E3A}.Debug|Any CPU.Build.0 = Debug|Any CPU
		{3ABE1BEB-8A7E-40FC-A190-11E09E882E3A}.Debug|x64.ActiveCfg = Debug|Any CPU
		{3ABE1BEB-8A7E-40FC-A190-11E09E882E3A}.Debug|x64.Build.0 = Debug|Any CPU
		{3ABE1BEB-8A7E-40FC-A190-11E09E882E3A}.Debug|x86.ActiveCfg = Debug|Any CPU
		{3ABE1BEB-8A7E-40FC-A190-11E09E882E3A}.Debug|x86.Build.0 = Debug|Any CPU
		{3ABE1BEB-8A7E-40FC-A190-11E09E882E3A}.Release|Any CPU.ActiveCfg = Release|Any CPU
		{3ABE1BEB-8A7E-40FC-A190-11E09E882E3A}.Release|Any CPU.Build.0 = Release|Any CPU
		{3ABE1BEB-8A7E-40FC-A190-11E09E882E3A}.Release|x64.ActiveCfg = Release|Any CPU
		{3ABE1BEB-8A7E-40FC-A190-11E09E882E3A}.Release|x64.Build.0 = Release|Any CPU
		{3ABE1BEB-8A7E-40FC-A190-11E09E882E3A}.Release|x86.ActiveCfg = Release|Any CPU
		{3ABE1BEB-8A7E-40FC-A190-11E09E882E3A}.Release|x86.Build.0 = Release|Any CPU
	EndGlobalSection
	GlobalSection(SolutionProperties) = preSolution
		HideSolutionNode = FALSE
	EndGlobalSection
	GlobalSection(ExtensibilityGlobals) = postSolution
		SolutionGuid = {0EE37E1D-A1B6-4E34-B151-45CB3D502F5D}
	EndGlobalSection
EndGlobal
